
Microsoft Visual Studio Solution File, Format Version 12.00
# Visual Studio Version 17
VisualStudioVersion = 17.8.34330.188
MinimumVisualStudioVersion = 10.0.40219.1
Project("{FAE04EC0-301F-11D3-BF4B-00C04F79EFBC}") = "ASM2", "ASM2\ASM2.csproj", "{96B0A76A-8797-4011-9E40-202B30A9C42B}"
EndProject
Global
	GlobalSection(SolutionConfigurationPlatforms) = preSolution
		Debug|Any CPU = Debug|Any CPU
		Release|Any CPU = Release|Any CPU
	EndGlobalSection
	GlobalSection(ProjectConfigurationPlatforms) = postSolution
		{96B0A76A-8797-4011-9E40-202B30A9C42B}.Debug|Any CPU.ActiveCfg = Debug|Any CPU
		{96B0A76A-8797-4011-9E40-202B30A9C42B}.Debug|Any CPU.Build.0 = Debug|Any CPU
		{96B0A76A-8797-4011-9E40-202B30A9C42B}.Release|Any CPU.ActiveCfg = Release|Any CPU
		{96B0A76A-8797-4011-9E40-202B30A9C42B}.Release|Any CPU.Build.0 = Release|Any CPU
	EndGlobalSection
	GlobalSection(SolutionProperties) = preSolution
		HideSolutionNode = FALSE
	EndGlobalSection
	GlobalSection(ExtensibilityGlobals) = postSolution
		SolutionGuid = {AA7F57BA-ACC2-47A4-96CB-30BBCB4068A9}
	EndGlobalSection
EndGlobal
